{
  "name": "hubspot-example-extension",
  "version": "0.1.0",
  "lockfileVersion": 3,
  "requires": true,
  "packages": {
    "": {
      "name": "hubspot-example-extension",
      "version": "0.1.0",
      "license": "MIT",
      "dependencies": {
        "@hubspot/ui-extensions": "latest",
        "react": "^18.2.0"
      }
    },
    "node_modules/@hubspot/ui-extensions": {
      "version": "0.8.39",
      "resolved": "https://registry.npmjs.org/@hubspot/ui-extensions/-/ui-extensions-0.8.39.tgz",
      "integrity": "sha512-a6OkTgdiiOXDK/1ehfALlkC7atai8aPy7ax+K5SMSxsGxsd/DEXoqdqC15P5y+ABpwkNvBfr/5bioEfjffjM+w==",
      "license": "MIT",
      "dependencies": {
        "@remote-ui/react": "^5.0.0",
        "@remote-ui/testing": "^1.4.3",
        "react": "^18.2.0"
      },
      "engines": {
        "node": ">=16"
      },
      "peerDependencies": {
        "@remote-ui/react": "^5.0.0",
        "react": "^18.2.0",
        "typescript": "^5.0.4"
      },
      "peerDependenciesMeta": {
        "@remote-ui/react": {
          "optional": false
        },
        "jest": {
          "optional": true
        },
        "react": {
          "optional": false
        },
        "typescript": {
          "optional": true
        }
      }
    },
    "node_modules/@jest/types": {
      "version": "26.6.2",
      "resolved": "https://registry.npmjs.org/@jest/types/-/types-26.6.2.tgz",
      "integrity": "sha512-fC6QCp7Sc5sX6g8Tvbmj4XUTbyrik0akgRy03yjXbQaBWWNWGE7SGtJk98m0N8nzegD/7SggrUlivxo5ax4KWQ==",
      "license": "MIT",
      "dependencies": {
        "@types/istanbul-lib-coverage": "^2.0.0",
        "@types/istanbul-reports": "^3.0.0",
        "@types/node": "*",
        "@types/yargs": "^15.0.0",
        "chalk": "^4.0.0"
      },
      "engines": {
        "node": ">= 10.14.2"
      }
    },
    "node_modules/@remote-ui/async-subscription": {
      "version": "2.1.15",
      "resolved": "https://registry.npmjs.org/@remote-ui/async-subscription/-/async-subscription-2.1.15.tgz",
      "integrity": "sha512-SdPfO4ExDOVyOPAoCqT9+Tk0UeU97EMplkxlr5qiv3W7c1yRsxgtbETicoBh9l/P49bLzVjiJG6CQIu1au3Vhw==",
      "license": "MIT",
      "dependencies": {
        "@remote-ui/rpc": "^1.4.5"
      }
    },
    "node_modules/@remote-ui/core": {
      "version": "2.2.4",
      "resolved": "https://registry.npmjs.org/@remote-ui/core/-/core-2.2.4.tgz",
      "integrity": "sha512-7ahrsI5GqYvAGcWTcysbKFKbzbhB/mDgIJr9VurF34gor2IqRCrmrPYemLQuOCQhWqPb3AOEUxWFYNLiB5i6kA==",
      "license": "MIT",
      "dependencies": {
        "@remote-ui/rpc": "^1.4.5",
        "@remote-ui/types": "^1.1.3"
      }
    },
    "node_modules/@remote-ui/react": {
      "version": "5.0.4",
      "resolved": "https://registry.npmjs.org/@remote-ui/react/-/react-5.0.4.tgz",
      "integrity": "sha512-zrewan3KqKHW8HOCgnpHduG4Ldqyh9ysouGIv8VeE0PlC03eCqi2MFzA+nKIJ1p58LIAbPQ1asp+RwT6ImVImg==",
      "license": "MIT",
      "dependencies": {
        "@remote-ui/async-subscription": "^2.1.15",
        "@remote-ui/core": "^2.2.4",
        "@remote-ui/rpc": "^1.4.5",
        "@types/react": ">=17.0.0 <19.0.0",
        "@types/react-reconciler": ">=0.26.0 <0.30.0"
      },
      "peerDependencies": {
        "react": ">=17.0.0 <19.0.0",
        "react-reconciler": ">=0.26.0 <0.30.0"
      },
      "peerDependenciesMeta": {
        "react": {
          "optional": false
        },
        "react-reconciler": {
          "optional": true
        }
      }
    },
    "node_modules/@remote-ui/rpc": {
      "version": "1.4.5",
      "resolved": "https://registry.npmjs.org/@remote-ui/rpc/-/rpc-1.4.5.tgz",
      "integrity": "sha512-Cr+06niG/vmE4A9YsmaKngRuuVSWKMY42NMwtZfy+gctRWGu6Wj9BWuMJg5CEp+JTkRBPToqT5rqnrg1G/Wvow==",
      "license": "MIT"
    },
    "node_modules/@remote-ui/testing": {
      "version": "1.4.3",
      "resolved": "https://registry.npmjs.org/@remote-ui/testing/-/testing-1.4.3.tgz",
      "integrity": "sha512-gjR6wl3nK6Ym3+B3JKjbsrV34Oqs6TOh84vMAhwKlugRR7538dLClt958sNRMruVJK9jEXTGytmvn7wYCr5aHQ==",
      "license": "MIT",
      "dependencies": {
        "@remote-ui/core": "^2.2.4",
        "jest-matcher-utils": "^26.0.1"
      }
    },
    "node_modules/@remote-ui/types": {
      "version": "1.1.3",
      "resolved": "https://registry.npmjs.org/@remote-ui/types/-/types-1.1.3.tgz",
      "integrity": "sha512-P1kN1F3p0oMgnLN8Of1Ie9am3sLvJ7nhqHH1pvzkrxqjVwhhyPVZNcwOHyUNZPKp62izhDavdrcnqrdXzVJqGA==",
      "license": "MIT"
    },
    "node_modules/@types/istanbul-lib-coverage": {
      "version": "2.0.6",
      "resolved": "https://registry.npmjs.org/@types/istanbul-lib-coverage/-/istanbul-lib-coverage-2.0.6.tgz",
      "integrity": "sha512-2QF/t/auWm0lsy8XtKVPG19v3sSOQlJe/YHZgfjb/KBBHOGSV+J2q/S671rcq9uTBrLAXmZpqJiaQbMT+zNU1w==",
      "license": "MIT"
    },
    "node_modules/@types/istanbul-lib-report": {
      "version": "3.0.3",
      "resolved": "https://registry.npmjs.org/@types/istanbul-lib-report/-/istanbul-lib-report-3.0.3.tgz",
      "integrity": "sha512-NQn7AHQnk/RSLOxrBbGyJM/aVQ+pjj5HCgasFxc0K/KhoATfQ/47AyUl15I2yBUpihjmas+a+VJBOqecrFH+uA==",
      "license": "MIT",
      "dependencies": {
        "@types/istanbul-lib-coverage": "*"
      }
    },
    "node_modules/@types/istanbul-reports": {
      "version": "3.0.4",
      "resolved": "https://registry.npmjs.org/@types/istanbul-reports/-/istanbul-reports-3.0.4.tgz",
      "integrity": "sha512-pk2B1NWalF9toCRu6gjBzR69syFjP4Od8WRAX+0mmf9lAjCRicLOWc+ZrxZHx/0XRjotgkF9t6iaMJ+aXcOdZQ==",
      "license": "MIT",
      "dependencies": {
        "@types/istanbul-lib-report": "*"
      }
    },
    "node_modules/@types/node": {
      "version": "22.10.5",
      "resolved": "https://registry.npmjs.org/@types/node/-/node-22.10.5.tgz",
      "integrity": "sha512-F8Q+SeGimwOo86fiovQh8qiXfFEh2/ocYv7tU5pJ3EXMSSxk1Joj5wefpFK2fHTf/N6HKGSxIDBT9f3gCxXPkQ==",
      "license": "MIT",
      "dependencies": {
        "undici-types": "~6.20.0"
      }
    },
    "node_modules/@types/prop-types": {
      "version": "15.7.14",
      "resolved": "https://registry.npmjs.org/@types/prop-types/-/prop-types-15.7.14.tgz",
      "integrity": "sha512-gNMvNH49DJ7OJYv+KAKn0Xp45p8PLl6zo2YnvDIbTd4J6MER2BmWN49TG7n9LvkyihINxeKW8+3bfS2yDC9dzQ==",
      "license": "MIT"
    },
    "node_modules/@types/react": {
      "version": "18.3.18",
      "resolved": "https://registry.npmjs.org/@types/react/-/react-18.3.18.tgz",
      "integrity": "sha512-t4yC+vtgnkYjNSKlFx1jkAhH8LgTo2N/7Qvi83kdEaUtMDiwpbLAktKDaAMlRcJ5eSxZkH74eEGt1ky31d7kfQ==",
      "license": "MIT",
      "dependencies": {
        "@types/prop-types": "*",
        "csstype": "^3.0.2"
      }
    },
    "node_modules/@types/react-reconciler": {
      "version": "0.28.9",
      "resolved": "https://registry.npmjs.org/@types/react-reconciler/-/react-reconciler-0.28.9.tgz",
      "integrity": "sha512-HHM3nxyUZ3zAylX8ZEyrDNd2XZOnQ0D5XfunJF5FLQnZbHHYq4UWvW1QfelQNXv1ICNkwYhfxjwfnqivYB6bFg==",
      "license": "MIT",
      "peerDependencies": {
        "@types/react": "*"
      }
    },
    "node_modules/@types/yargs": {
      "version": "15.0.19",
      "resolved": "https://registry.npmjs.org/@types/yargs/-/yargs-15.0.19.tgz",
      "integrity": "sha512-2XUaGVmyQjgyAZldf0D0c14vvo/yv0MhQBSTJcejMMaitsn3nxCB6TmH4G0ZQf+uxROOa9mpanoSm8h6SG/1ZA==",
      "license": "MIT",
      "dependencies": {
        "@types/yargs-parser": "*"
      }
    },
    "node_modules/@types/yargs-parser": {
      "version": "21.0.3",
      "resolved": "https://registry.npmjs.org/@types/yargs-parser/-/yargs-parser-21.0.3.tgz",
      "integrity": "sha512-I4q9QU9MQv4oEOz4tAHJtNz1cwuLxn2F3xcc2iV5WdqLPpUnj30aUuxt1mAxYTG+oe8CZMV/+6rU4S4gRDzqtQ==",
      "license": "MIT"
    },
    "node_modules/ansi-regex": {
      "version": "5.0.1",
      "resolved": "https://registry.npmjs.org/ansi-regex/-/ansi-regex-5.0.1.tgz",
      "integrity": "sha512-quJQXlTSUGL2LH9SUXo8VwsY4soanhgo6LNSm84E1LBcE8s3O0wpdiRzyR9z/ZZJMlMWv37qOOb9pdJlMUEKFQ==",
      "license": "MIT",
      "engines": {
        "node": ">=8"
      }
    },
    "node_modules/ansi-styles": {
      "version": "4.3.0",
      "resolved": "https://registry.npmjs.org/ansi-styles/-/ansi-styles-4.3.0.tgz",
      "integrity": "sha512-zbB9rCJAT1rbjiVDb2hqKFHNYLxgtk8NURxZ3IZwD3F6NtxbXZQCnnSi1Lkx+IDohdPlFp222wVALIheZJQSEg==",
      "license": "MIT",
      "dependencies": {
        "color-convert": "^2.0.1"
      },
      "engines": {
        "node": ">=8"
      },
      "funding": {
        "url": "https://github.com/chalk/ansi-styles?sponsor=1"
      }
    },
    "node_modules/chalk": {
      "version": "4.1.2",
      "resolved": "https://registry.npmjs.org/chalk/-/chalk-4.1.2.tgz",
      "integrity": "sha512-oKnbhFyRIXpUuez8iBMmyEa4nbj4IOQyuhc/wy9kY7/WVPcwIO9VA668Pu8RkO7+0G76SLROeyw9CpQ061i4mA==",
      "license": "MIT",
      "dependencies": {
        "ansi-styles": "^4.1.0",
        "supports-color": "^7.1.0"
      },
      "engines": {
        "node": ">=10"
      },
      "funding": {
        "url": "https://github.com/chalk/chalk?sponsor=1"
      }
    },
    "node_modules/color-convert": {
      "version": "2.0.1",
      "resolved": "https://registry.npmjs.org/color-convert/-/color-convert-2.0.1.tgz",
      "integrity": "sha512-RRECPsj7iu/xb5oKYcsFHSppFNnsj/52OVTRKb4zP5onXwVF3zVmmToNcOfGC+CRDpfK/U584fMg38ZHCaElKQ==",
      "license": "MIT",
      "dependencies": {
        "color-name": "~1.1.4"
      },
      "engines": {
        "node": ">=7.0.0"
      }
    },
    "node_modules/color-name": {
      "version": "1.1.4",
      "resolved": "https://registry.npmjs.org/color-name/-/color-name-1.1.4.tgz",
      "integrity": "sha512-dOy+3AuW3a2wNbZHIuMZpTcgjGuLU/uBL/ubcZF9OXbDo8ff4O8yVp5Bf0efS8uEoYo5q4Fx7dY9OgQGXgAsQA==",
      "license": "MIT"
    },
    "node_modules/csstype": {
      "version": "3.1.3",
      "resolved": "https://registry.npmjs.org/csstype/-/csstype-3.1.3.tgz",
      "integrity": "sha512-M1uQkMl8rQK/szD0LNhtqxIPLpimGm8sOBwU7lLnCpSbTyY3yeU1Vc7l4KT5zT4s/yOxHH5O7tIuuLOCnLADRw==",
      "license": "MIT"
    },
    "node_modules/diff-sequences": {
      "version": "26.6.2",
      "resolved": "https://registry.npmjs.org/diff-sequences/-/diff-sequences-26.6.2.tgz",
      "integrity": "sha512-Mv/TDa3nZ9sbc5soK+OoA74BsS3mL37yixCvUAQkiuA4Wz6YtwP/K47n2rv2ovzHZvoiQeA5FTQOschKkEwB0Q==",
      "license": "MIT",
      "engines": {
        "node": ">= 10.14.2"
      }
    },
    "node_modules/has-flag": {
      "version": "4.0.0",
      "resolved": "https://registry.npmjs.org/has-flag/-/has-flag-4.0.0.tgz",
      "integrity": "sha512-EykJT/Q1KjTWctppgIAgfSO0tKVuZUjhgMr17kqTumMl6Afv3EISleU7qZUzoXDFTAHTDC4NOoG/ZxU3EvlMPQ==",
      "license": "MIT",
      "engines": {
        "node": ">=8"
      }
    },
    "node_modules/jest-diff": {
      "version": "26.6.2",
      "resolved": "https://registry.npmjs.org/jest-diff/-/jest-diff-26.6.2.tgz",
      "integrity": "sha512-6m+9Z3Gv9wN0WFVasqjCL/06+EFCMTqDEUl/b87HYK2rAPTyfz4ZIuSlPhY51PIQRWx5TaxeF1qmXKe9gfN3sA==",
      "license": "MIT",
      "dependencies": {
        "chalk": "^4.0.0",
        "diff-sequences": "^26.6.2",
        "jest-get-type": "^26.3.0",
        "pretty-format": "^26.6.2"
      },
      "engines": {
        "node": ">= 10.14.2"
      }
    },
    "node_modules/jest-get-type": {
      "version": "26.3.0",
      "resolved": "https://registry.npmjs.org/jest-get-type/-/jest-get-type-26.3.0.tgz",
      "integrity": "sha512-TpfaviN1R2pQWkIihlfEanwOXK0zcxrKEE4MlU6Tn7keoXdN6/3gK/xl0yEh8DOunn5pOVGKf8hB4R9gVh04ig==",
      "license": "MIT",
      "engines": {
        "node": ">= 10.14.2"
      }
    },
    "node_modules/jest-matcher-utils": {
      "version": "26.6.2",
      "resolved": "https://registry.npmjs.org/jest-matcher-utils/-/jest-matcher-utils-26.6.2.tgz",
      "integrity": "sha512-llnc8vQgYcNqDrqRDXWwMr9i7rS5XFiCwvh6DTP7Jqa2mqpcCBBlpCbn+trkG0KNhPu/h8rzyBkriOtBstvWhw==",
      "license": "MIT",
      "dependencies": {
        "chalk": "^4.0.0",
        "jest-diff": "^26.6.2",
        "jest-get-type": "^26.3.0",
        "pretty-format": "^26.6.2"
      },
      "engines": {
        "node": ">= 10.14.2"
      }
    },
    "node_modules/js-tokens": {
      "version": "4.0.0",
      "resolved": "https://registry.npmjs.org/js-tokens/-/js-tokens-4.0.0.tgz",
      "integrity": "sha512-RdJUflcE3cUzKiMqQgsCu06FPu9UdIJO0beYbPhHN4k6apgJtifcoCtT9bcxOpYBtpD2kCM6Sbzg4CausW/PKQ==",
      "license": "MIT"
    },
    "node_modules/loose-envify": {
      "version": "1.4.0",
      "resolved": "https://registry.npmjs.org/loose-envify/-/loose-envify-1.4.0.tgz",
      "integrity": "sha512-lyuxPGr/Wfhrlem2CL/UcnUc1zcqKAImBDzukY7Y5F/yQiNdko6+fRLevlw1HgMySw7f611UIY408EtxRSoK3Q==",
      "license": "MIT",
      "dependencies": {
        "js-tokens": "^3.0.0 || ^4.0.0"
      },
      "bin": {
        "loose-envify": "cli.js"
      }
    },
    "node_modules/pretty-format": {
      "version": "26.6.2",
      "resolved": "https://registry.npmjs.org/pretty-format/-/pretty-format-26.6.2.tgz",
      "integrity": "sha512-7AeGuCYNGmycyQbCqd/3PWH4eOoX/OiCa0uphp57NVTeAGdJGaAliecxwBDHYQCIvrW7aDBZCYeNTP/WX69mkg==",
      "license": "MIT",
      "dependencies": {
        "@jest/types": "^26.6.2",
        "ansi-regex": "^5.0.0",
        "ansi-styles": "^4.0.0",
        "react-is": "^17.0.1"
      },
      "engines": {
        "node": ">= 10"
      }
    },
    "node_modules/react": {
      "version": "18.3.1",
      "resolved": "https://registry.npmjs.org/react/-/react-18.3.1.tgz",
      "integrity": "sha512-wS+hAgJShR0KhEvPJArfuPVN1+Hz1t0Y6n5jLrGQbkb4urgPE/0Rve+1kMB1v/oWgHgm4WIcV+i7F2pTVj+2iQ==",
      "license": "MIT",
      "dependencies": {
        "loose-envify": "^1.1.0"
      },
      "engines": {
        "node": ">=0.10.0"
      }
    },
    "node_modules/react-is": {
      "version": "17.0.2",
      "resolved": "https://registry.npmjs.org/react-is/-/react-is-17.0.2.tgz",
      "integrity": "sha512-w2GsyukL62IJnlaff/nRegPQR94C/XXamvMWmSHRJ4y7Ts/4ocGRmTHvOs8PSE6pB3dWOrD/nueuU5sduBsQ4w==",
      "license": "MIT"
    },
    "node_modules/supports-color": {
      "version": "7.2.0",
      "resolved": "https://registry.npmjs.org/supports-color/-/supports-color-7.2.0.tgz",
      "integrity": "sha512-qpCAvRl9stuOHveKsn7HncJRvv501qIacKzQlO/+Lwxc9+0q2wLyv4Dfvt80/DPn2pqOBsJdDiogXGR9+OvwRw==",
      "license": "MIT",
      "dependencies": {
        "has-flag": "^4.0.0"
      },
      "engines": {
        "node": ">=8"
      }
    },
    "node_modules/undici-types": {
      "version": "6.20.0",
      "resolved": "https://registry.npmjs.org/undici-types/-/undici-types-6.20.0.tgz",
      "integrity": "sha512-Ny6QZ2Nju20vw1SRHe3d9jVu6gJ+4e3+MMpqu7pqE5HT6WsTSlce++GQmK5UXS8mzV8DSYHrQH+Xrf2jVcuKNg==",
      "license": "MIT"
    }
  }
}
