{
  "name": "example.functions",
  "version": "1.0.0",
  "lockfileVersion": 2,
  "requires": true,
  "packages": {
    "": {
      "name": "example.functions",
      "version": "1.0.0",
      "license": "ISC",
      "dependencies": {
        "dayjs": "^1.11.5"
      }
    },
    "node_modules/dayjs": {
      "version": "1.11.5",
      "resolved": "https://registry.npmjs.org/dayjs/-/dayjs-1.11.5.tgz",
      "integrity": "sha512-CAdX5Q3YW3Gclyo5Vpqkgpj8fSdLQcRuzfX6mC6Phy0nfJ0eGYOeS7m4mt2plDWLAtA4TqTakvbboHvUxfe4iA=="
    }
  },
  "dependencies": {
    "dayjs": {
      "version": "1.11.5",
      "resolved": "https://registry.npmjs.org/dayjs/-/dayjs-1.11.5.tgz",
      "integrity": "sha512-CAdX5Q3YW3Gclyo5Vpqkgpj8fSdLQcRuzfX6mC6Phy0nfJ0eGYOeS7m4mt2plDWLAtA4TqTakvbboHvUxfe4iA=="
    }
  }
}
